
Microsoft Visual Studio Solution File, Format Version 11.00
# Visual Studio 2010
Project("{FAE04EC0-301F-11D3-BF4B-00C04F79EFBC}") = "parser", "parser\parser.csproj", "{AD8B93F8-83FD-44D4-A3C0-91F895D7067B}"
EndProject
Project("{2150E333-8FDC-42A3-9474-1A3956D46DE8}") = "database", "database", "{17FFFCF2-1D10-41D5-B164-A2FA3D4DD93E}"
EndProject
Project("{FAE04EC0-301F-11D3-BF4B-00C04F79EFBC}") = "DB", "DB\DB.csproj", "{4BF547A0-02C0-42D9-A6FF-437C8905E63C}"
EndProject
Project("{2150E333-8FDC-42A3-9474-1A3956D46DE8}") = "function", "function", "{A26A4BD9-6959-4CF3-898A-37D53D1770D6}"
EndProject
Project("{FAE04EC0-301F-11D3-BF4B-00C04F79EFBC}") = "FN", "FN\FN.csproj", "{79702162-A654-4E55-887A-9108B78A6716}"
EndProject
Global
	GlobalSection(SolutionConfigurationPlatforms) = preSolution
		Debug|Any CPU = Debug|Any CPU
		Debug|Mixed Platforms = Debug|Mixed Platforms
		Debug|x86 = Debug|x86
		Release|Any CPU = Release|Any CPU
		Release|Mixed Platforms = Release|Mixed Platforms
		Release|x86 = Release|x86
	EndGlobalSection
	GlobalSection(ProjectConfigurationPlatforms) = postSolution
		{AD8B93F8-83FD-44D4-A3C0-91F895D7067B}.Debug|Any CPU.ActiveCfg = Debug|x86
		{AD8B93F8-83FD-44D4-A3C0-91F895D7067B}.Debug|Mixed Platforms.ActiveCfg = Debug|x86
		{AD8B93F8-83FD-44D4-A3C0-91F895D7067B}.Debug|Mixed Platforms.Build.0 = Debug|x86
		{AD8B93F8-83FD-44D4-A3C0-91F895D7067B}.Debug|x86.ActiveCfg = Debug|x86
		{AD8B93F8-83FD-44D4-A3C0-91F895D7067B}.Debug|x86.Build.0 = Debug|x86
		{AD8B93F8-83FD-44D4-A3C0-91F895D7067B}.Release|Any CPU.ActiveCfg = Release|x86
		{AD8B93F8-83FD-44D4-A3C0-91F895D7067B}.Release|Mixed Platforms.ActiveCfg = Release|x86
		{AD8B93F8-83FD-44D4-A3C0-91F895D7067B}.Release|Mixed Platforms.Build.0 = Release|x86
		{AD8B93F8-83FD-44D4-A3C0-91F895D7067B}.Release|x86.ActiveCfg = Release|x86
		{AD8B93F8-83FD-44D4-A3C0-91F895D7067B}.Release|x86.Build.0 = Release|x86
		{4BF547A0-02C0-42D9-A6FF-437C8905E63C}.Debug|Any CPU.ActiveCfg = Debug|Any CPU
		{4BF547A0-02C0-42D9-A6FF-437C8905E63C}.Debug|Any CPU.Build.0 = Debug|Any CPU
		{4BF547A0-02C0-42D9-A6FF-437C8905E63C}.Debug|Mixed Platforms.ActiveCfg = Debug|Any CPU
		{4BF547A0-02C0-42D9-A6FF-437C8905E63C}.Debug|Mixed Platforms.Build.0 = Debug|Any CPU
		{4BF547A0-02C0-42D9-A6FF-437C8905E63C}.Debug|x86.ActiveCfg = Debug|Any CPU
		{4BF547A0-02C0-42D9-A6FF-437C8905E63C}.Release|Any CPU.ActiveCfg = Release|Any CPU
		{4BF547A0-02C0-42D9-A6FF-437C8905E63C}.Release|Any CPU.Build.0 = Release|Any CPU
		{4BF547A0-02C0-42D9-A6FF-437C8905E63C}.Release|Mixed Platforms.ActiveCfg = Release|Any CPU
		{4BF547A0-02C0-42D9-A6FF-437C8905E63C}.Release|Mixed Platforms.Build.0 = Release|Any CPU
		{4BF547A0-02C0-42D9-A6FF-437C8905E63C}.Release|x86.ActiveCfg = Release|Any CPU
		{79702162-A654-4E55-887A-9108B78A6716}.Debug|Any CPU.ActiveCfg = Debug|Any CPU
		{79702162-A654-4E55-887A-9108B78A6716}.Debug|Any CPU.Build.0 = Debug|Any CPU
		{79702162-A654-4E55-887A-9108B78A6716}.Debug|Mixed Platforms.ActiveCfg = Debug|Any CPU
		{79702162-A654-4E55-887A-9108B78A6716}.Debug|Mixed Platforms.Build.0 = Debug|Any CPU
		{79702162-A654-4E55-887A-9108B78A6716}.Debug|x86.ActiveCfg = Debug|Any CPU
		{79702162-A654-4E55-887A-9108B78A6716}.Release|Any CPU.ActiveCfg = Release|Any CPU
		{79702162-A654-4E55-887A-9108B78A6716}.Release|Any CPU.Build.0 = Release|Any CPU
		{79702162-A654-4E55-887A-9108B78A6716}.Release|Mixed Platforms.ActiveCfg = Release|Any CPU
		{79702162-A654-4E55-887A-9108B78A6716}.Release|Mixed Platforms.Build.0 = Release|Any CPU
		{79702162-A654-4E55-887A-9108B78A6716}.Release|x86.ActiveCfg = Release|Any CPU
	EndGlobalSection
	GlobalSection(SolutionProperties) = preSolution
		HideSolutionNode = FALSE
	EndGlobalSection
	GlobalSection(NestedProjects) = preSolution
		{4BF547A0-02C0-42D9-A6FF-437C8905E63C} = {17FFFCF2-1D10-41D5-B164-A2FA3D4DD93E}
		{79702162-A654-4E55-887A-9108B78A6716} = {A26A4BD9-6959-4CF3-898A-37D53D1770D6}
	EndGlobalSection
EndGlobal
